
Microsoft Visual Studio Solution File, Format Version 12.00
# Visual Studio Version 17
VisualStudioVersion = 17.3.32819.101
MinimumVisualStudioVersion = 10.0.40219.1
Project("{FAE04EC0-301F-11D3-BF4B-00C04F79EFBC}") = "Project1", "Project1\Project1.csproj", "{93458E68-9F0E-41CF-9E6B-BC48CA50B0B7}"
EndProject
Global
	GlobalSection(SolutionConfigurationPlatforms) = preSolution
		Debug|Any CPU = Debug|Any CPU
		Release|Any CPU = Release|Any CPU
	EndGlobalSection
	GlobalSection(ProjectConfigurationPlatforms) = postSolution
		{93458E68-9F0E-41CF-9E6B-BC48CA50B0B7}.Debug|Any CPU.ActiveCfg = Debug|Any CPU
		{93458E68-9F0E-41CF-9E6B-BC48CA50B0B7}.Debug|Any CPU.Build.0 = Debug|Any CPU
		{93458E68-9F0E-41CF-9E6B-BC48CA50B0B7}.Release|Any CPU.ActiveCfg = Release|Any CPU
		{93458E68-9F0E-41CF-9E6B-BC48CA50B0B7}.Release|Any CPU.Build.0 = Release|Any CPU
	EndGlobalSection
	GlobalSection(SolutionProperties) = preSolution
		HideSolutionNode = FALSE
	EndGlobalSection
	GlobalSection(ExtensibilityGlobals) = postSolution
		SolutionGuid = {47DBE25D-9A58-4C9C-B13D-92CF714CE3E8}
	EndGlobalSection
EndGlobal
