
Microsoft Visual Studio Solution File, Format Version 12.00
# Visual Studio Version 17
VisualStudioVersion = 17.3.32819.101
MinimumVisualStudioVersion = 10.0.40219.1
Project("{FAE04EC0-301F-11D3-BF4B-00C04F79EFBC}") = "MyFirstDesktopApp", "MyFirstDesktopApp\MyFirstDesktopApp.csproj", "{FD8C1CA7-2E84-49F0-ABE3-554707DD7956}"
EndProject
Global
	GlobalSection(SolutionConfigurationPlatforms) = preSolution
		Debug|Any CPU = Debug|Any CPU
		Release|Any CPU = Release|Any CPU
	EndGlobalSection
	GlobalSection(ProjectConfigurationPlatforms) = postSolution
		{FD8C1CA7-2E84-49F0-ABE3-554707DD7956}.Debug|Any CPU.ActiveCfg = Debug|Any CPU
		{FD8C1CA7-2E84-49F0-ABE3-554707DD7956}.Debug|Any CPU.Build.0 = Debug|Any CPU
		{FD8C1CA7-2E84-49F0-ABE3-554707DD7956}.Release|Any CPU.ActiveCfg = Release|Any CPU
		{FD8C1CA7-2E84-49F0-ABE3-554707DD7956}.Release|Any CPU.Build.0 = Release|Any CPU
	EndGlobalSection
	GlobalSection(SolutionProperties) = preSolution
		HideSolutionNode = FALSE
	EndGlobalSection
	GlobalSection(ExtensibilityGlobals) = postSolution
		SolutionGuid = {09E2D191-BEA6-44CD-9B97-09E5B075B1BE}
	EndGlobalSection
EndGlobal
