
Microsoft Visual Studio Solution File, Format Version 12.00
# Visual Studio Version 17
VisualStudioVersion = 17.3.32819.101
MinimumVisualStudioVersion = 10.0.40219.1
Project("{FAE04EC0-301F-11D3-BF4B-00C04F79EFBC}") = "Images", "Images\Images.csproj", "{B0C6BC0B-7717-417F-B8E4-CBA4A4C89440}"
EndProject
Global
	GlobalSection(SolutionConfigurationPlatforms) = preSolution
		Debug|Any CPU = Debug|Any CPU
		Release|Any CPU = Release|Any CPU
	EndGlobalSection
	GlobalSection(ProjectConfigurationPlatforms) = postSolution
		{B0C6BC0B-7717-417F-B8E4-CBA4A4C89440}.Debug|Any CPU.ActiveCfg = Debug|Any CPU
		{B0C6BC0B-7717-417F-B8E4-CBA4A4C89440}.Debug|Any CPU.Build.0 = Debug|Any CPU
		{B0C6BC0B-7717-417F-B8E4-CBA4A4C89440}.Release|Any CPU.ActiveCfg = Release|Any CPU
		{B0C6BC0B-7717-417F-B8E4-CBA4A4C89440}.Release|Any CPU.Build.0 = Release|Any CPU
	EndGlobalSection
	GlobalSection(SolutionProperties) = preSolution
		HideSolutionNode = FALSE
	EndGlobalSection
	GlobalSection(ExtensibilityGlobals) = postSolution
		SolutionGuid = {3E7CD0B3-2690-4D44-8531-24F5F953DFD5}
	EndGlobalSection
EndGlobal
