
Microsoft Visual Studio Solution File, Format Version 12.00
# Visual Studio Version 17
VisualStudioVersion = 17.3.32819.101
MinimumVisualStudioVersion = 10.0.40219.1
Project("{FAE04EC0-301F-11D3-BF4B-00C04F79EFBC}") = "WindowsFormsApp1", "WindowsFormsApp1\WindowsFormsApp1.csproj", "{BC0B8946-A892-4CAD-A194-72EB9B924F5B}"
EndProject
Global
	GlobalSection(SolutionConfigurationPlatforms) = preSolution
		Debug|Any CPU = Debug|Any CPU
		Release|Any CPU = Release|Any CPU
	EndGlobalSection
	GlobalSection(ProjectConfigurationPlatforms) = postSolution
		{BC0B8946-A892-4CAD-A194-72EB9B924F5B}.Debug|Any CPU.ActiveCfg = Debug|Any CPU
		{BC0B8946-A892-4CAD-A194-72EB9B924F5B}.Debug|Any CPU.Build.0 = Debug|Any CPU
		{BC0B8946-A892-4CAD-A194-72EB9B924F5B}.Release|Any CPU.ActiveCfg = Release|Any CPU
		{BC0B8946-A892-4CAD-A194-72EB9B924F5B}.Release|Any CPU.Build.0 = Release|Any CPU
	EndGlobalSection
	GlobalSection(SolutionProperties) = preSolution
		HideSolutionNode = FALSE
	EndGlobalSection
	GlobalSection(ExtensibilityGlobals) = postSolution
		SolutionGuid = {975C9816-DCA5-4EC7-A269-4AA2B9D90F57}
	EndGlobalSection
EndGlobal
