
Microsoft Visual Studio Solution File, Format Version 12.00
# Visual Studio Version 17
VisualStudioVersion = 17.3.32819.101
MinimumVisualStudioVersion = 10.0.40219.1
Project("{FAE04EC0-301F-11D3-BF4B-00C04F79EFBC}") = "FirstApp", "FirstApp\FirstApp.csproj", "{F6AF4996-B0C6-4412-9908-A491060F64E9}"
EndProject
Global
	GlobalSection(SolutionConfigurationPlatforms) = preSolution
		Debug|Any CPU = Debug|Any CPU
		Release|Any CPU = Release|Any CPU
	EndGlobalSection
	GlobalSection(ProjectConfigurationPlatforms) = postSolution
		{F6AF4996-B0C6-4412-9908-A491060F64E9}.Debug|Any CPU.ActiveCfg = Debug|Any CPU
		{F6AF4996-B0C6-4412-9908-A491060F64E9}.Debug|Any CPU.Build.0 = Debug|Any CPU
		{F6AF4996-B0C6-4412-9908-A491060F64E9}.Release|Any CPU.ActiveCfg = Release|Any CPU
		{F6AF4996-B0C6-4412-9908-A491060F64E9}.Release|Any CPU.Build.0 = Release|Any CPU
	EndGlobalSection
	GlobalSection(SolutionProperties) = preSolution
		HideSolutionNode = FALSE
	EndGlobalSection
	GlobalSection(ExtensibilityGlobals) = postSolution
		SolutionGuid = {D7A94426-8E23-44EA-AF28-A3CAC4C8AD38}
	EndGlobalSection
EndGlobal
